{
  "originHash" : "343c581a38104906571ca1a0bdc9bb3c4a86fdf59e0dd4e52b43f7f23180effd",
  "pins" : [
    {
      "identity" : "pubconsent-sdk-apple-os-spm",
      "kind" : "remoteSourceControl",
      "location" : "https://github.com/pubtech-ai/pubconsent-sdk-apple-os-spm",
      "state" : {
        "revision" : "be735dd704bc00ee6e6cd7481022936036535232",
        "version" : "3.0.0"
      }
    }
  ],
  "version" : 3
}
