{
  "originHash" : "343c581a38104906571ca1a0bdc9bb3c4a86fdf59e0dd4e52b43f7f23180effd",
  "pins" : [
    {
      "identity" : "pubconsent-sdk-apple-os-spm",
      "kind" : "remoteSourceControl",
      "location" : "https://github.com/pubtech-ai/pubconsent-sdk-apple-os-spm",
      "state" : {
        "revision" : "f8abdbd501ef624a5e14ce65ec858935c3abd141",
        "version" : "2.0.0"
      }
    }
  ],
  "version" : 3
}
