{
  "originHash" : "343c581a38104906571ca1a0bdc9bb3c4a86fdf59e0dd4e52b43f7f23180effd",
  "pins" : [
    {
      "identity" : "pubconsent-sdk-apple-os-spm",
      "kind" : "remoteSourceControl",
      "location" : "https://github.com/pubtech-ai/pubconsent-sdk-apple-os-spm",
      "state" : {
        "revision" : "604e0ec2c77d4f7a6d7d7d222df64609f140c874",
        "version" : "1.4.0"
      }
    }
  ],
  "version" : 3
}
